
Microsoft Visual Studio Solution File, Format Version 12.00
# Visual Studio 15
VisualStudioVersion = 15.0.28010.2003
MinimumVisualStudioVersion = 10.0.40219.1
Project("{FAE04EC0-301F-11D3-BF4B-00C04F79EFBC}") = "SalonAplikacija.Web", "SalonAplikacija.Web\SalonAplikacija.Web.csproj", "{7C01E9A9-DDEA-42A1-9995-1468A4F49505}"
EndProject
Project("{FAE04EC0-301F-11D3-BF4B-00C04F79EFBC}") = "SalonAplikacija.Data", "SalonAplikacija.Data\SalonAplikacija.Data.csproj", "{B5B3EBBB-6E20-415C-84E3-CA9198EA44F0}"
EndProject
Global
	GlobalSection(SolutionConfigurationPlatforms) = preSolution
		Debug|Any CPU = Debug|Any CPU
		Release|Any CPU = Release|Any CPU
	EndGlobalSection
	GlobalSection(ProjectConfigurationPlatforms) = postSolution
		{7C01E9A9-DDEA-42A1-9995-1468A4F49505}.Debug|Any CPU.ActiveCfg = Debug|Any CPU
		{7C01E9A9-DDEA-42A1-9995-1468A4F49505}.Debug|Any CPU.Build.0 = Debug|Any CPU
		{7C01E9A9-DDEA-42A1-9995-1468A4F49505}.Release|Any CPU.ActiveCfg = Release|Any CPU
		{7C01E9A9-DDEA-42A1-9995-1468A4F49505}.Release|Any CPU.Build.0 = Release|Any CPU
		{B5B3EBBB-6E20-415C-84E3-CA9198EA44F0}.Debug|Any CPU.ActiveCfg = Debug|Any CPU
		{B5B3EBBB-6E20-415C-84E3-CA9198EA44F0}.Debug|Any CPU.Build.0 = Debug|Any CPU
		{B5B3EBBB-6E20-415C-84E3-CA9198EA44F0}.Release|Any CPU.ActiveCfg = Release|Any CPU
		{B5B3EBBB-6E20-415C-84E3-CA9198EA44F0}.Release|Any CPU.Build.0 = Release|Any CPU
	EndGlobalSection
	GlobalSection(SolutionProperties) = preSolution
		HideSolutionNode = FALSE
	EndGlobalSection
	GlobalSection(ExtensibilityGlobals) = postSolution
		SolutionGuid = {BE2381F9-C9FB-4D64-A00D-546529C5D895}
	EndGlobalSection
EndGlobal
